// !$*UTF8*$!
{
	archiveVersion = 1;
	classes = {
	};
	objectVersion = 50;
	objects = {

/* Begin PBXBuildFile section */
		2D2991F2219E2E6C00408084 /* AppDelegate.swift in Sources */ = {isa = PBXBuildFile; fileRef = 2D2991F1219E2E6C00408084 /* AppDelegate.swift */; };
		2D2991F4219E2E6C00408084 /* HomeViewController.swift in Sources */ = {isa = PBXBuildFile; fileRef = 2D2991F3219E2E6C00408084 /* HomeViewController.swift */; };
		2D2991F7219E2E6C00408084 /* Main.storyboard in Resources */ = {isa = PBXBuildFile; fileRef = 2D2991F5219E2E6C00408084 /* Main.storyboard */; };
		2D2991F9219E2E6D00408084 /* Assets.xcassets in Resources */ = {isa = PBXBuildFile; fileRef = 2D2991F8219E2E6D00408084 /* Assets.xcassets */; };
		2D2991FC219E2E6D00408084 /* LaunchScreen.storyboard in Resources */ = {isa = PBXBuildFile; fileRef = 2D2991FA219E2E6D00408084 /* LaunchScreen.storyboard */; };
		2D299204219E3F9900408084 /* InputTextViewController.swift in Sources */ = {isa = PBXBuildFile; fileRef = 2D299203219E3F9900408084 /* InputTextViewController.swift */; };
		2D299206219E3FD800408084 /* SomethingTypedDelegate.swift in Sources */ = {isa = PBXBuildFile; fileRef = 2D299205219E3FD800408084 /* SomethingTypedDelegate.swift */; };
/* End PBXBuildFile section */

/* Begin PBXFileReference section */
		2D2991EE219E2E6C00408084 /* ViewControllerCommunicationSample.app */ = {isa = PBXFileReference; explicitFileType = wrapper.application; includeInIndex = 0; path = ViewControllerCommunicationSample.app; sourceTree = BUILT_PRODUCTS_DIR; };
		2D2991F1219E2E6C00408084 /* AppDelegate.swift */ = {isa = PBXFileReference; lastKnownFileType = sourcecode.swift; path = AppDelegate.swift; sourceTree = "<group>"; };
		2D2991F3219E2E6C00408084 /* HomeViewController.swift */ = {isa = PBXFileReference; lastKnownFileType = sourcecode.swift; path = HomeViewController.swift; sourceTree = "<group>"; };
		2D2991F6219E2E6C00408084 /* Base */ = {isa = PBXFileReference; lastKnownFileType = file.storyboard; name = Base; path = Base.lproj/Main.storyboard; sourceTree = "<group>"; };
		2D2991F8219E2E6D00408084 /* Assets.xcassets */ = {isa = PBXFileReference; lastKnownFileType = folder.assetcatalog; path = Assets.xcassets; sourceTree = "<group>"; };
		2D2991FB219E2E6D00408084 /* Base */ = {isa = PBXFileReference; lastKnownFileType = file.storyboard; name = Base; path = Base.lproj/LaunchScreen.storyboard; sourceTree = "<group>"; };
		2D2991FD219E2E6D00408084 /* Info.plist */ = {isa = PBXFileReference; lastKnownFileType = text.plist.xml; path = Info.plist; sourceTree = "<group>"; };
		2D299203219E3F9900408084 /* InputTextViewController.swift */ = {isa = PBXFileReference; lastKnownFileType = sourcecode.swift; path = InputTextViewController.swift; sourceTree = "<group>"; };
		2D299205219E3FD800408084 /* SomethingTypedDelegate.swift */ = {isa = PBXFileReference; lastKnownFileType = sourcecode.swift; path = SomethingTypedDelegate.swift; sourceTree = "<group>"; };
/* End PBXFileReference section */

/* Begin PBXFrameworksBuildPhase section */
		2D2991EB219E2E6C00408084 /* Frameworks */ = {
			isa = PBXFrameworksBuildPhase;
			buildActionMask = 2147483647;
			files = (
			);
			runOnlyForDeploymentPostprocessing = 0;
		};
/* End PBXFrameworksBuildPhase section */

/* Begin PBXGroup section */
		2D2991E5219E2E6C00408084 = {
			isa = PBXGroup;
			children = (
				2D2991F0219E2E6C00408084 /* ViewControllerCommunicationSample */,
				2D2991EF219E2E6C00408084 /* Products */,
			);
			sourceTree = "<group>";
		};
		2D2991EF219E2E6C00408084 /* Products */ = {
			isa = PBXGroup;
			children = (
				2D2991EE219E2E6C00408084 /* ViewControllerCommunicationSample.app */,
			);
			name = Products;
			sourceTree = "<group>";
		};
		2D2991F0219E2E6C00408084 /* ViewControllerCommunicationSample */ = {
			isa = PBXGroup;
			children = (
				2D2991F1219E2E6C00408084 /* AppDelegate.swift */,
				2D2991F3219E2E6C00408084 /* HomeViewController.swift */,
				2D2991F5219E2E6C00408084 /* Main.storyboard */,
				2D2991F8219E2E6D00408084 /* Assets.xcassets */,
				2D2991FA219E2E6D00408084 /* LaunchScreen.storyboard */,
				2D2991FD219E2E6D00408084 /* Info.plist */,
				2D299203219E3F9900408084 /* InputTextViewController.swift */,
				2D299205219E3FD800408084 /* SomethingTypedDelegate.swift */,
			);
			path = ViewControllerCommunicationSample;
			sourceTree = "<group>";
		};
/* End PBXGroup section */

/* Begin PBXNativeTarget section */
		2D2991ED219E2E6C00408084 /* ViewControllerCommunicationSample */ = {
			isa = PBXNativeTarget;
			buildConfigurationList = 2D299200219E2E6D00408084 /* Build configuration list for PBXNativeTarget "ViewControllerCommunicationSample" */;
			buildPhases = (
				2D2991EA219E2E6C00408084 /* Sources */,
				2D2991EB219E2E6C00408084 /* Frameworks */,
				2D2991EC219E2E6C00408084 /* Resources */,
			);
			buildRules = (
			);
			dependencies = (
			);
			name = ViewControllerCommunicationSample;
			productName = ViewControllerCommunicationSample;
			productReference = 2D2991EE219E2E6C00408084 /* ViewControllerCommunicationSample.app */;
			productType = "com.apple.product-type.application";
		};
/* End PBXNativeTarget section */

/* Begin PBXProject section */
		2D2991E6219E2E6C00408084 /* Project object */ = {
			isa = PBXProject;
			attributes = {
				LastSwiftUpdateCheck = 1010;
				LastUpgradeCheck = 1010;
				ORGANIZATIONNAME = "Bernardo Teodosio";
				TargetAttributes = {
					2D2991ED219E2E6C00408084 = {
						CreatedOnToolsVersion = 10.1;
					};
				};
			};
			buildConfigurationList = 2D2991E9219E2E6C00408084 /* Build configuration list for PBXProject "ViewControllerCommunicationSample" */;
			compatibilityVersion = "Xcode 9.3";
			developmentRegion = en;
			hasScannedForEncodings = 0;
			knownRegions = (
				en,
				Base,
			);
			mainGroup = 2D2991E5219E2E6C00408084;
			productRefGroup = 2D2991EF219E2E6C00408084 /* Products */;
			projectDirPath = "";
			projectRoot = "";
			targets = (
				2D2991ED219E2E6C00408084 /* ViewControllerCommunicationSample */,
			);
		};
/* End PBXProject section */

/* Begin PBXResourcesBuildPhase section */
		2D2991EC219E2E6C00408084 /* Resources */ = {
			isa = PBXResourcesBuildPhase;
			buildActionMask = 2147483647;
			files = (
				2D2991FC219E2E6D00408084 /* LaunchScreen.storyboard in Resources */,
				2D2991F9219E2E6D00408084 /* Assets.xcassets in Resources */,
				2D2991F7219E2E6C00408084 /* Main.storyboard in Resources */,
			);
			runOnlyForDeploymentPostprocessing = 0;
		};
/* End PBXResourcesBuildPhase section */

/* Begin PBXSourcesBuildPhase section */
		2D2991EA219E2E6C00408084 /* Sources */ = {
			isa = PBXSourcesBuildPhase;
			buildActionMask = 2147483647;
			files = (
				2D2991F4219E2E6C00408084 /* HomeViewController.swift in Sources */,
				2D299204219E3F9900408084 /* InputTextViewController.swift in Sources */,
				2D299206219E3FD800408084 /* SomethingTypedDelegate.swift in Sources */,
				2D2991F2219E2E6C00408084 /* AppDelegate.swift in Sources */,
			);
			runOnlyForDeploymentPostprocessing = 0;
		};
/* End PBXSourcesBuildPhase section */

/* Begin PBXVariantGroup section */
		2D2991F5219E2E6C00408084 /* Main.storyboard */ = {
			isa = PBXVariantGroup;
			children = (
				2D2991F6219E2E6C00408084 /* Base */,
			);
			name = Main.storyboard;
			sourceTree = "<group>";
		};
		2D2991FA219E2E6D00408084 /* LaunchScreen.storyboard */ = {
			isa = PBXVariantGroup;
			children = (
				2D2991FB219E2E6D00408084 /* Base */,
			);
			name = LaunchScreen.storyboard;
			sourceTree = "<group>";
		};
/* End PBXVariantGroup section */

/* Begin XCBuildConfiguration section */
		2D2991FE219E2E6D00408084 /* Debug */ = {
			isa = XCBuildConfiguration;
			buildSettings = {
				ALWAYS_SEARCH_USER_PATHS = NO;
				CLANG_ANALYZER_NONNULL = YES;
				CLANG_ANALYZER_NUMBER_OBJECT_CONVERSION = YES_AGGRESSIVE;
				CLANG_CXX_LANGUAGE_STANDARD = "gnu++14";
				CLANG_CXX_LIBRARY = "libc++";
				CLANG_ENABLE_MODULES = YES;
				CLANG_ENABLE_OBJC_ARC = YES;
				CLANG_ENABLE_OBJC_WEAK = YES;
				CLANG_WARN_BLOCK_CAPTURE_AUTORELEASING = YES;
				CLANG_WARN_BOOL_CONVERSION = YES;
				CLANG_WARN_COMMA = YES;
				CLANG_WARN_CONSTANT_CONVERSION = YES;
				CLANG_WARN_DEPRECATED_OBJC_IMPLEMENTATIONS = YES;
				CLANG_WARN_DIRECT_OBJC_ISA_USAGE = YES_ERROR;
				CLANG_WARN_DOCUMENTATION_COMMENTS = YES;
				CLANG_WARN_EMPTY_BODY = YES;
				CLANG_WARN_ENUM_CONVERSION = YES;
				CLANG_WARN_INFINITE_RECURSION = YES;
				CLANG_WARN_INT_CONVERSION = YES;
				CLANG_WARN_NON_LITERAL_NULL_CONVERSION = YES;
				CLANG_WARN_OBJC_IMPLICIT_RETAIN_SELF = YES;
				CLANG_WARN_OBJC_LITERAL_CONVERSION = YES;
				CLANG_WARN_OBJC_ROOT_CLASS = YES_ERROR;
				CLANG_WARN_RANGE_LOOP_ANALYSIS = YES;
				CLANG_WARN_STRICT_PROTOTYPES = YES;
				CLANG_WARN_SUSPICIOUS_MOVE = YES;
				CLANG_WARN_UNGUARDED_AVAILABILITY = YES_AGGRESSIVE;
				CLANG_WARN_UNREACHABLE_CODE = YES;
				CLANG_WARN__DUPLICATE_METHOD_MATCH = YES;
				CODE_SIGN_IDENTITY = "iPhone Developer";
				COPY_PHASE_STRIP = NO;
				DEBUG_INFORMATION_FORMAT = dwarf;
				ENABLE_STRICT_OBJC_MSGSEND = YES;
				ENABLE_TESTABILITY = YES;
				GCC_C_LANGUAGE_STANDARD = gnu11;
				GCC_DYNAMIC_NO_PIC = NO;
				GCC_NO_COMMON_BLOCKS = YES;
				GCC_OPTIMIZATION_LEVEL = 0;
				GCC_PREPROCESSOR_DEFINITIONS = (
					"DEBUG=1",
					"$(inherited)",
				);
				GCC_WARN_64_TO_32_BIT_CONVERSION = YES;
				GCC_WARN_ABOUT_RETURN_TYPE = YES_ERROR;
				GCC_WARN_UNDECLARED_SELECTOR = YES;
				GCC_WARN_UNINITIALIZED_AUTOS = YES_AGGRESSIVE;
				GCC_WARN_UNUSED_FUNCTION = YES;
				GCC_WARN_UNUSED_VARIABLE = YES;
				IPHONEOS_DEPLOYMENT_TARGET = 12.1;
				MTL_ENABLE_DEBUG_INFO = INCLUDE_SOURCE;
				MTL_FAST_MATH = YES;
				ONLY_ACTIVE_ARCH = YES;
				SDKROOT = iphoneos;
				SWIFT_ACTIVE_COMPILATION_CONDITIONS = DEBUG;
				SWIFT_OPTIMIZATION_LEVEL = "-Onone";
			};
			name = Debug;
		};
		2D2991FF219E2E6D00408084 /* Release */ = {
			isa = XCBuildConfiguration;
			buildSettings = {
				ALWAYS_SEARCH_USER_PATHS = NO;
				CLANG_ANALYZER_NONNULL = YES;
				CLANG_ANALYZER_NUMBER_OBJECT_CONVERSION = YES_AGGRESSIVE;
				CLANG_CXX_LANGUAGE_STANDARD = "gnu++14";
				CLANG_CXX_LIBRARY = "libc++";
				CLANG_ENABLE_MODULES = YES;
				CLANG_ENABLE_OBJC_ARC = YES;
				CLANG_ENABLE_OBJC_WEAK = YES;
				CLANG_WARN_BLOCK_CAPTURE_AUTORELEASING = YES;
				CLANG_WARN_BOOL_CONVERSION = YES;
				CLANG_WARN_COMMA = YES;
				CLANG_WARN_CONSTANT_CONVERSION = YES;
				CLANG_WARN_DEPRECATED_OBJC_IMPLEMENTATIONS = YES;
				CLANG_WARN_DIRECT_OBJC_ISA_USAGE = YES_ERROR;
				CLANG_WARN_DOCUMENTATION_COMMENTS = YES;
				CLANG_WARN_EMPTY_BODY = YES;
				CLANG_WARN_ENUM_CONVERSION = YES;
				CLANG_WARN_INFINITE_RECURSION = YES;
				CLANG_WARN_INT_CONVERSION = YES;
				CLANG_WARN_NON_LITERAL_NULL_CONVERSION = YES;
				CLANG_WARN_OBJC_IMPLICIT_RETAIN_SELF = YES;
				CLANG_WARN_OBJC_LITERAL_CONVERSION = YES;
				CLANG_WARN_OBJC_ROOT_CLASS = YES_ERROR;
				CLANG_WARN_RANGE_LOOP_ANALYSIS = YES;
				CLANG_WARN_STRICT_PROTOTYPES = YES;
				CLANG_WARN_SUSPICIOUS_MOVE = YES;
				CLANG_WARN_UNGUARDED_AVAILABILITY = YES_AGGRESSIVE;
				CLANG_WARN_UNREACHABLE_CODE = YES;
				CLANG_WARN__DUPLICATE_METHOD_MATCH = YES;
				CODE_SIGN_IDENTITY = "iPhone Developer";
				COPY_PHASE_STRIP = NO;
				DEBUG_INFORMATION_FORMAT = "dwarf-with-dsym";
				ENABLE_NS_ASSERTIONS = NO;
				ENABLE_STRICT_OBJC_MSGSEND = YES;
				GCC_C_LANGUAGE_STANDARD = gnu11;
				GCC_NO_COMMON_BLOCKS = YES;
				GCC_WARN_64_TO_32_BIT_CONVERSION = YES;
				GCC_WARN_ABOUT_RETURN_TYPE = YES_ERROR;
				GCC_WARN_UNDECLARED_SELECTOR = YES;
				GCC_WARN_UNINITIALIZED_AUTOS = YES_AGGRESSIVE;
				GCC_WARN_UNUSED_FUNCTION = YES;
				GCC_WARN_UNUSED_VARIABLE = YES;
				IPHONEOS_DEPLOYMENT_TARGET = 12.1;
				MTL_ENABLE_DEBUG_INFO = NO;
				MTL_FAST_MATH = YES;
				SDKROOT = iphoneos;
				SWIFT_COMPILATION_MODE = wholemodule;
				SWIFT_OPTIMIZATION_LEVEL = "-O";
				VALIDATE_PRODUCT = YES;
			};
			name = Release;
		};
		2D299201219E2E6D00408084 /* Debug */ = {
			isa = XCBuildConfiguration;
			buildSettings = {
				ASSETCATALOG_COMPILER_APPICON_NAME = AppIcon;
				CODE_SIGN_STYLE = Automatic;
				DEVELOPMENT_TEAM = 98F3J82MSL;
				INFOPLIST_FILE = ViewControllerCommunicationSample/Info.plist;
				LD_RUNPATH_SEARCH_PATHS = (
					"$(inherited)",
					"@executable_path/Frameworks",
				);
				PRODUCT_BUNDLE_IDENTIFIER = com.berteodosio.ViewControllerCommunicationSample;
				PRODUCT_NAME = "$(TARGET_NAME)";
				SWIFT_VERSION = 4.2;
				TARGETED_DEVICE_FAMILY = "1,2";
			};
			name = Debug;
		};
		2D299202219E2E6D00408084 /* Release */ = {
			isa = XCBuildConfiguration;
			buildSettings = {
				ASSETCATALOG_COMPILER_APPICON_NAME = AppIcon;
				CODE_SIGN_STYLE = Automatic;
				DEVELOPMENT_TEAM = 98F3J82MSL;
				INFOPLIST_FILE = ViewControllerCommunicationSample/Info.plist;
				LD_RUNPATH_SEARCH_PATHS = (
					"$(inherited)",
					"@executable_path/Frameworks",
				);
				PRODUCT_BUNDLE_IDENTIFIER = com.berteodosio.ViewControllerCommunicationSample;
				PRODUCT_NAME = "$(TARGET_NAME)";
				SWIFT_VERSION = 4.2;
				TARGETED_DEVICE_FAMILY = "1,2";
			};
			name = Release;
		};
/* End XCBuildConfiguration section */

/* Begin XCConfigurationList section */
		2D2991E9219E2E6C00408084 /* Build configuration list for PBXProject "ViewControllerCommunicationSample" */ = {
			isa = XCConfigurationList;
			buildConfigurations = (
				2D2991FE219E2E6D00408084 /* Debug */,
				2D2991FF219E2E6D00408084 /* Release */,
			);
			defaultConfigurationIsVisible = 0;
			defaultConfigurationName = Release;
		};
		2D299200219E2E6D00408084 /* Build configuration list for PBXNativeTarget "ViewControllerCommunicationSample" */ = {
			isa = XCConfigurationList;
			buildConfigurations = (
				2D299201219E2E6D00408084 /* Debug */,
				2D299202219E2E6D00408084 /* Release */,
			);
			defaultConfigurationIsVisible = 0;
			defaultConfigurationName = Release;
		};
/* End XCConfigurationList section */
	};
	rootObject = 2D2991E6219E2E6C00408084 /* Project object */;
}
