// !$*UTF8*$!
{
	archiveVersion = 1;
	classes = {
	};
	objectVersion = 50;
	objects = {

/* Begin PBXBuildFile section */
		2D2991CA219DF48200408084 /* AppDelegate.swift in Sources */ = {isa = PBXBuildFile; fileRef = 2D2991C9219DF48200408084 /* AppDelegate.swift */; };
		2D2991CC219DF48200408084 /* HomeViewController.swift in Sources */ = {isa = PBXBuildFile; fileRef = 2D2991CB219DF48200408084 /* HomeViewController.swift */; };
		2D2991CF219DF48200408084 /* Main.storyboard in Resources */ = {isa = PBXBuildFile; fileRef = 2D2991CD219DF48200408084 /* Main.storyboard */; };
		2D2991D1219DF48300408084 /* Assets.xcassets in Resources */ = {isa = PBXBuildFile; fileRef = 2D2991D0219DF48300408084 /* Assets.xcassets */; };
		2D2991D4219DF48300408084 /* LaunchScreen.storyboard in Resources */ = {isa = PBXBuildFile; fileRef = 2D2991D2219DF48300408084 /* LaunchScreen.storyboard */; };
		2D2991DD219DF4AA00408084 /* DataSet.swift in Sources */ = {isa = PBXBuildFile; fileRef = 2D2991DC219DF4AA00408084 /* DataSet.swift */; };
		2D2991E2219DF6DE00408084 /* Recipe.swift in Sources */ = {isa = PBXBuildFile; fileRef = 2D2991E1219DF6DE00408084 /* Recipe.swift */; };
		2D2991E4219DF71800408084 /* FoodCategory.swift in Sources */ = {isa = PBXBuildFile; fileRef = 2D2991E3219DF71800408084 /* FoodCategory.swift */; };
		2D299208219E48BC00408084 /* FoodCategoryTableViewCell.swift in Sources */ = {isa = PBXBuildFile; fileRef = 2D299207219E48BC00408084 /* FoodCategoryTableViewCell.swift */; };
		2D29920A219E54FD00408084 /* RecipeViewController.swift in Sources */ = {isa = PBXBuildFile; fileRef = 2D299209219E54FD00408084 /* RecipeViewController.swift */; };
		2D29920C219E594500408084 /* RecipeCollectionViewCell.swift in Sources */ = {isa = PBXBuildFile; fileRef = 2D29920B219E594500408084 /* RecipeCollectionViewCell.swift */; };
		2D29920E219E672C00408084 /* RecipeDetailViewController.swift in Sources */ = {isa = PBXBuildFile; fileRef = 2D29920D219E672C00408084 /* RecipeDetailViewController.swift */; };
/* End PBXBuildFile section */

/* Begin PBXFileReference section */
		2D2991C6219DF48200408084 /* GoodEatings.app */ = {isa = PBXFileReference; explicitFileType = wrapper.application; includeInIndex = 0; path = GoodEatings.app; sourceTree = BUILT_PRODUCTS_DIR; };
		2D2991C9219DF48200408084 /* AppDelegate.swift */ = {isa = PBXFileReference; lastKnownFileType = sourcecode.swift; path = AppDelegate.swift; sourceTree = "<group>"; };
		2D2991CB219DF48200408084 /* HomeViewController.swift */ = {isa = PBXFileReference; lastKnownFileType = sourcecode.swift; path = HomeViewController.swift; sourceTree = "<group>"; };
		2D2991CE219DF48200408084 /* Base */ = {isa = PBXFileReference; lastKnownFileType = file.storyboard; name = Base; path = Base.lproj/Main.storyboard; sourceTree = "<group>"; };
		2D2991D0219DF48300408084 /* Assets.xcassets */ = {isa = PBXFileReference; lastKnownFileType = folder.assetcatalog; path = Assets.xcassets; sourceTree = "<group>"; };
		2D2991D3219DF48300408084 /* Base */ = {isa = PBXFileReference; lastKnownFileType = file.storyboard; name = Base; path = Base.lproj/LaunchScreen.storyboard; sourceTree = "<group>"; };
		2D2991D5219DF48300408084 /* Info.plist */ = {isa = PBXFileReference; lastKnownFileType = text.plist.xml; path = Info.plist; sourceTree = "<group>"; };
		2D2991DC219DF4AA00408084 /* DataSet.swift */ = {isa = PBXFileReference; lastKnownFileType = sourcecode.swift; path = DataSet.swift; sourceTree = "<group>"; };
		2D2991E1219DF6DE00408084 /* Recipe.swift */ = {isa = PBXFileReference; lastKnownFileType = sourcecode.swift; path = Recipe.swift; sourceTree = "<group>"; };
		2D2991E3219DF71800408084 /* FoodCategory.swift */ = {isa = PBXFileReference; lastKnownFileType = sourcecode.swift; path = FoodCategory.swift; sourceTree = "<group>"; };
		2D299207219E48BC00408084 /* FoodCategoryTableViewCell.swift */ = {isa = PBXFileReference; lastKnownFileType = sourcecode.swift; path = FoodCategoryTableViewCell.swift; sourceTree = "<group>"; };
		2D299209219E54FD00408084 /* RecipeViewController.swift */ = {isa = PBXFileReference; lastKnownFileType = sourcecode.swift; path = RecipeViewController.swift; sourceTree = "<group>"; };
		2D29920B219E594500408084 /* RecipeCollectionViewCell.swift */ = {isa = PBXFileReference; lastKnownFileType = sourcecode.swift; path = RecipeCollectionViewCell.swift; sourceTree = "<group>"; };
		2D29920D219E672C00408084 /* RecipeDetailViewController.swift */ = {isa = PBXFileReference; lastKnownFileType = sourcecode.swift; path = RecipeDetailViewController.swift; sourceTree = "<group>"; };
/* End PBXFileReference section */

/* Begin PBXFrameworksBuildPhase section */
		2D2991C3219DF48200408084 /* Frameworks */ = {
			isa = PBXFrameworksBuildPhase;
			buildActionMask = 2147483647;
			files = (
			);
			runOnlyForDeploymentPostprocessing = 0;
		};
/* End PBXFrameworksBuildPhase section */

/* Begin PBXGroup section */
		2D2991BD219DF48200408084 = {
			isa = PBXGroup;
			children = (
				2D2991C8219DF48200408084 /* GoodEatings */,
				2D2991C7219DF48200408084 /* Products */,
			);
			sourceTree = "<group>";
		};
		2D2991C7219DF48200408084 /* Products */ = {
			isa = PBXGroup;
			children = (
				2D2991C6219DF48200408084 /* GoodEatings.app */,
			);
			name = Products;
			sourceTree = "<group>";
		};
		2D2991C8219DF48200408084 /* GoodEatings */ = {
			isa = PBXGroup;
			children = (
				2D2991DE219DF6BC00408084 /* Model */,
				2D2991DF219DF6C300408084 /* View */,
				2D2991E0219DF6C800408084 /* Controller */,
				2D2991DB219DF48C00408084 /* Data */,
				2D2991C9219DF48200408084 /* AppDelegate.swift */,
				2D2991CD219DF48200408084 /* Main.storyboard */,
				2D2991D0219DF48300408084 /* Assets.xcassets */,
				2D2991D2219DF48300408084 /* LaunchScreen.storyboard */,
				2D2991D5219DF48300408084 /* Info.plist */,
			);
			path = GoodEatings;
			sourceTree = "<group>";
		};
		2D2991DB219DF48C00408084 /* Data */ = {
			isa = PBXGroup;
			children = (
				2D2991DC219DF4AA00408084 /* DataSet.swift */,
			);
			path = Data;
			sourceTree = "<group>";
		};
		2D2991DE219DF6BC00408084 /* Model */ = {
			isa = PBXGroup;
			children = (
				2D2991E1219DF6DE00408084 /* Recipe.swift */,
				2D2991E3219DF71800408084 /* FoodCategory.swift */,
			);
			path = Model;
			sourceTree = "<group>";
		};
		2D2991DF219DF6C300408084 /* View */ = {
			isa = PBXGroup;
			children = (
				2D299207219E48BC00408084 /* FoodCategoryTableViewCell.swift */,
				2D29920B219E594500408084 /* RecipeCollectionViewCell.swift */,
			);
			path = View;
			sourceTree = "<group>";
		};
		2D2991E0219DF6C800408084 /* Controller */ = {
			isa = PBXGroup;
			children = (
				2D2991CB219DF48200408084 /* HomeViewController.swift */,
				2D299209219E54FD00408084 /* RecipeViewController.swift */,
				2D29920D219E672C00408084 /* RecipeDetailViewController.swift */,
			);
			path = Controller;
			sourceTree = "<group>";
		};
/* End PBXGroup section */

/* Begin PBXNativeTarget section */
		2D2991C5219DF48200408084 /* GoodEatings */ = {
			isa = PBXNativeTarget;
			buildConfigurationList = 2D2991D8219DF48300408084 /* Build configuration list for PBXNativeTarget "GoodEatings" */;
			buildPhases = (
				2D2991C2219DF48200408084 /* Sources */,
				2D2991C3219DF48200408084 /* Frameworks */,
				2D2991C4219DF48200408084 /* Resources */,
			);
			buildRules = (
			);
			dependencies = (
			);
			name = GoodEatings;
			productName = GoodEatings;
			productReference = 2D2991C6219DF48200408084 /* GoodEatings.app */;
			productType = "com.apple.product-type.application";
		};
/* End PBXNativeTarget section */

/* Begin PBXProject section */
		2D2991BE219DF48200408084 /* Project object */ = {
			isa = PBXProject;
			attributes = {
				LastSwiftUpdateCheck = 1010;
				LastUpgradeCheck = 1010;
				ORGANIZATIONNAME = "Bernardo Teodosio";
				TargetAttributes = {
					2D2991C5219DF48200408084 = {
						CreatedOnToolsVersion = 10.1;
					};
				};
			};
			buildConfigurationList = 2D2991C1219DF48200408084 /* Build configuration list for PBXProject "GoodEatings" */;
			compatibilityVersion = "Xcode 9.3";
			developmentRegion = en;
			hasScannedForEncodings = 0;
			knownRegions = (
				en,
				Base,
			);
			mainGroup = 2D2991BD219DF48200408084;
			productRefGroup = 2D2991C7219DF48200408084 /* Products */;
			projectDirPath = "";
			projectRoot = "";
			targets = (
				2D2991C5219DF48200408084 /* GoodEatings */,
			);
		};
/* End PBXProject section */

/* Begin PBXResourcesBuildPhase section */
		2D2991C4219DF48200408084 /* Resources */ = {
			isa = PBXResourcesBuildPhase;
			buildActionMask = 2147483647;
			files = (
				2D2991D4219DF48300408084 /* LaunchScreen.storyboard in Resources */,
				2D2991D1219DF48300408084 /* Assets.xcassets in Resources */,
				2D2991CF219DF48200408084 /* Main.storyboard in Resources */,
			);
			runOnlyForDeploymentPostprocessing = 0;
		};
/* End PBXResourcesBuildPhase section */

/* Begin PBXSourcesBuildPhase section */
		2D2991C2219DF48200408084 /* Sources */ = {
			isa = PBXSourcesBuildPhase;
			buildActionMask = 2147483647;
			files = (
				2D29920C219E594500408084 /* RecipeCollectionViewCell.swift in Sources */,
				2D29920E219E672C00408084 /* RecipeDetailViewController.swift in Sources */,
				2D2991DD219DF4AA00408084 /* DataSet.swift in Sources */,
				2D2991CC219DF48200408084 /* HomeViewController.swift in Sources */,
				2D29920A219E54FD00408084 /* RecipeViewController.swift in Sources */,
				2D2991CA219DF48200408084 /* AppDelegate.swift in Sources */,
				2D299208219E48BC00408084 /* FoodCategoryTableViewCell.swift in Sources */,
				2D2991E4219DF71800408084 /* FoodCategory.swift in Sources */,
				2D2991E2219DF6DE00408084 /* Recipe.swift in Sources */,
			);
			runOnlyForDeploymentPostprocessing = 0;
		};
/* End PBXSourcesBuildPhase section */

/* Begin PBXVariantGroup section */
		2D2991CD219DF48200408084 /* Main.storyboard */ = {
			isa = PBXVariantGroup;
			children = (
				2D2991CE219DF48200408084 /* Base */,
			);
			name = Main.storyboard;
			sourceTree = "<group>";
		};
		2D2991D2219DF48300408084 /* LaunchScreen.storyboard */ = {
			isa = PBXVariantGroup;
			children = (
				2D2991D3219DF48300408084 /* Base */,
			);
			name = LaunchScreen.storyboard;
			sourceTree = "<group>";
		};
/* End PBXVariantGroup section */

/* Begin XCBuildConfiguration section */
		2D2991D6219DF48300408084 /* Debug */ = {
			isa = XCBuildConfiguration;
			buildSettings = {
				ALWAYS_SEARCH_USER_PATHS = NO;
				CLANG_ANALYZER_NONNULL = YES;
				CLANG_ANALYZER_NUMBER_OBJECT_CONVERSION = YES_AGGRESSIVE;
				CLANG_CXX_LANGUAGE_STANDARD = "gnu++14";
				CLANG_CXX_LIBRARY = "libc++";
				CLANG_ENABLE_MODULES = YES;
				CLANG_ENABLE_OBJC_ARC = YES;
				CLANG_ENABLE_OBJC_WEAK = YES;
				CLANG_WARN_BLOCK_CAPTURE_AUTORELEASING = YES;
				CLANG_WARN_BOOL_CONVERSION = YES;
				CLANG_WARN_COMMA = YES;
				CLANG_WARN_CONSTANT_CONVERSION = YES;
				CLANG_WARN_DEPRECATED_OBJC_IMPLEMENTATIONS = YES;
				CLANG_WARN_DIRECT_OBJC_ISA_USAGE = YES_ERROR;
				CLANG_WARN_DOCUMENTATION_COMMENTS = YES;
				CLANG_WARN_EMPTY_BODY = YES;
				CLANG_WARN_ENUM_CONVERSION = YES;
				CLANG_WARN_INFINITE_RECURSION = YES;
				CLANG_WARN_INT_CONVERSION = YES;
				CLANG_WARN_NON_LITERAL_NULL_CONVERSION = YES;
				CLANG_WARN_OBJC_IMPLICIT_RETAIN_SELF = YES;
				CLANG_WARN_OBJC_LITERAL_CONVERSION = YES;
				CLANG_WARN_OBJC_ROOT_CLASS = YES_ERROR;
				CLANG_WARN_RANGE_LOOP_ANALYSIS = YES;
				CLANG_WARN_STRICT_PROTOTYPES = YES;
				CLANG_WARN_SUSPICIOUS_MOVE = YES;
				CLANG_WARN_UNGUARDED_AVAILABILITY = YES_AGGRESSIVE;
				CLANG_WARN_UNREACHABLE_CODE = YES;
				CLANG_WARN__DUPLICATE_METHOD_MATCH = YES;
				CODE_SIGN_IDENTITY = "iPhone Developer";
				COPY_PHASE_STRIP = NO;
				DEBUG_INFORMATION_FORMAT = dwarf;
				ENABLE_STRICT_OBJC_MSGSEND = YES;
				ENABLE_TESTABILITY = YES;
				GCC_C_LANGUAGE_STANDARD = gnu11;
				GCC_DYNAMIC_NO_PIC = NO;
				GCC_NO_COMMON_BLOCKS = YES;
				GCC_OPTIMIZATION_LEVEL = 0;
				GCC_PREPROCESSOR_DEFINITIONS = (
					"DEBUG=1",
					"$(inherited)",
				);
				GCC_WARN_64_TO_32_BIT_CONVERSION = YES;
				GCC_WARN_ABOUT_RETURN_TYPE = YES_ERROR;
				GCC_WARN_UNDECLARED_SELECTOR = YES;
				GCC_WARN_UNINITIALIZED_AUTOS = YES_AGGRESSIVE;
				GCC_WARN_UNUSED_FUNCTION = YES;
				GCC_WARN_UNUSED_VARIABLE = YES;
				IPHONEOS_DEPLOYMENT_TARGET = 12.1;
				MTL_ENABLE_DEBUG_INFO = INCLUDE_SOURCE;
				MTL_FAST_MATH = YES;
				ONLY_ACTIVE_ARCH = YES;
				SDKROOT = iphoneos;
				SWIFT_ACTIVE_COMPILATION_CONDITIONS = DEBUG;
				SWIFT_OPTIMIZATION_LEVEL = "-Onone";
			};
			name = Debug;
		};
		2D2991D7219DF48300408084 /* Release */ = {
			isa = XCBuildConfiguration;
			buildSettings = {
				ALWAYS_SEARCH_USER_PATHS = NO;
				CLANG_ANALYZER_NONNULL = YES;
				CLANG_ANALYZER_NUMBER_OBJECT_CONVERSION = YES_AGGRESSIVE;
				CLANG_CXX_LANGUAGE_STANDARD = "gnu++14";
				CLANG_CXX_LIBRARY = "libc++";
				CLANG_ENABLE_MODULES = YES;
				CLANG_ENABLE_OBJC_ARC = YES;
				CLANG_ENABLE_OBJC_WEAK = YES;
				CLANG_WARN_BLOCK_CAPTURE_AUTORELEASING = YES;
				CLANG_WARN_BOOL_CONVERSION = YES;
				CLANG_WARN_COMMA = YES;
				CLANG_WARN_CONSTANT_CONVERSION = YES;
				CLANG_WARN_DEPRECATED_OBJC_IMPLEMENTATIONS = YES;
				CLANG_WARN_DIRECT_OBJC_ISA_USAGE = YES_ERROR;
				CLANG_WARN_DOCUMENTATION_COMMENTS = YES;
				CLANG_WARN_EMPTY_BODY = YES;
				CLANG_WARN_ENUM_CONVERSION = YES;
				CLANG_WARN_INFINITE_RECURSION = YES;
				CLANG_WARN_INT_CONVERSION = YES;
				CLANG_WARN_NON_LITERAL_NULL_CONVERSION = YES;
				CLANG_WARN_OBJC_IMPLICIT_RETAIN_SELF = YES;
				CLANG_WARN_OBJC_LITERAL_CONVERSION = YES;
				CLANG_WARN_OBJC_ROOT_CLASS = YES_ERROR;
				CLANG_WARN_RANGE_LOOP_ANALYSIS = YES;
				CLANG_WARN_STRICT_PROTOTYPES = YES;
				CLANG_WARN_SUSPICIOUS_MOVE = YES;
				CLANG_WARN_UNGUARDED_AVAILABILITY = YES_AGGRESSIVE;
				CLANG_WARN_UNREACHABLE_CODE = YES;
				CLANG_WARN__DUPLICATE_METHOD_MATCH = YES;
				CODE_SIGN_IDENTITY = "iPhone Developer";
				COPY_PHASE_STRIP = NO;
				DEBUG_INFORMATION_FORMAT = "dwarf-with-dsym";
				ENABLE_NS_ASSERTIONS = NO;
				ENABLE_STRICT_OBJC_MSGSEND = YES;
				GCC_C_LANGUAGE_STANDARD = gnu11;
				GCC_NO_COMMON_BLOCKS = YES;
				GCC_WARN_64_TO_32_BIT_CONVERSION = YES;
				GCC_WARN_ABOUT_RETURN_TYPE = YES_ERROR;
				GCC_WARN_UNDECLARED_SELECTOR = YES;
				GCC_WARN_UNINITIALIZED_AUTOS = YES_AGGRESSIVE;
				GCC_WARN_UNUSED_FUNCTION = YES;
				GCC_WARN_UNUSED_VARIABLE = YES;
				IPHONEOS_DEPLOYMENT_TARGET = 12.1;
				MTL_ENABLE_DEBUG_INFO = NO;
				MTL_FAST_MATH = YES;
				SDKROOT = iphoneos;
				SWIFT_COMPILATION_MODE = wholemodule;
				SWIFT_OPTIMIZATION_LEVEL = "-O";
				VALIDATE_PRODUCT = YES;
			};
			name = Release;
		};
		2D2991D9219DF48300408084 /* Debug */ = {
			isa = XCBuildConfiguration;
			buildSettings = {
				ASSETCATALOG_COMPILER_APPICON_NAME = AppIcon;
				CODE_SIGN_STYLE = Automatic;
				DEVELOPMENT_TEAM = 98F3J82MSL;
				INFOPLIST_FILE = GoodEatings/Info.plist;
				LD_RUNPATH_SEARCH_PATHS = (
					"$(inherited)",
					"@executable_path/Frameworks",
				);
				PRODUCT_BUNDLE_IDENTIFIER = com.berteodosio.GoodEatings;
				PRODUCT_NAME = "$(TARGET_NAME)";
				SWIFT_VERSION = 4.2;
				TARGETED_DEVICE_FAMILY = "1,2";
			};
			name = Debug;
		};
		2D2991DA219DF48300408084 /* Release */ = {
			isa = XCBuildConfiguration;
			buildSettings = {
				ASSETCATALOG_COMPILER_APPICON_NAME = AppIcon;
				CODE_SIGN_STYLE = Automatic;
				DEVELOPMENT_TEAM = 98F3J82MSL;
				INFOPLIST_FILE = GoodEatings/Info.plist;
				LD_RUNPATH_SEARCH_PATHS = (
					"$(inherited)",
					"@executable_path/Frameworks",
				);
				PRODUCT_BUNDLE_IDENTIFIER = com.berteodosio.GoodEatings;
				PRODUCT_NAME = "$(TARGET_NAME)";
				SWIFT_VERSION = 4.2;
				TARGETED_DEVICE_FAMILY = "1,2";
			};
			name = Release;
		};
/* End XCBuildConfiguration section */

/* Begin XCConfigurationList section */
		2D2991C1219DF48200408084 /* Build configuration list for PBXProject "GoodEatings" */ = {
			isa = XCConfigurationList;
			buildConfigurations = (
				2D2991D6219DF48300408084 /* Debug */,
				2D2991D7219DF48300408084 /* Release */,
			);
			defaultConfigurationIsVisible = 0;
			defaultConfigurationName = Release;
		};
		2D2991D8219DF48300408084 /* Build configuration list for PBXNativeTarget "GoodEatings" */ = {
			isa = XCConfigurationList;
			buildConfigurations = (
				2D2991D9219DF48300408084 /* Debug */,
				2D2991DA219DF48300408084 /* Release */,
			);
			defaultConfigurationIsVisible = 0;
			defaultConfigurationName = Release;
		};
/* End XCConfigurationList section */
	};
	rootObject = 2D2991BE219DF48200408084 /* Project object */;
}
